
Microsoft Visual Studio Solution File, Format Version 12.00
# Visual Studio 15
VisualStudioVersion = 15.0.26730.15
MinimumVisualStudioVersion = 15.0.26124.0
Project("{9A19103F-16F7-4668-BE54-9A1E7A4F7556}") = "Notifications", "Notifications\Notifications.csproj", "{AF1CB925-8767-4C3A-B748-016824CED102}"
EndProject
Project("{FAE04EC0-301F-11D3-BF4B-00C04F79EFBC}") = "Messages", "Messages\Messages.csproj", "{7BD58606-F825-426D-85B1-3EB2544747E5}"
EndProject
Global
	GlobalSection(SolutionConfigurationPlatforms) = preSolution
		Debug|Any CPU = Debug|Any CPU
		Debug|x64 = Debug|x64
		Debug|x86 = Debug|x86
		Release|Any CPU = Release|Any CPU
		Release|x64 = Release|x64
		Release|x86 = Release|x86
	EndGlobalSection
	GlobalSection(ProjectConfigurationPlatforms) = postSolution
		{AF1CB925-8767-4C3A-B748-016824CED102}.Debug|Any CPU.ActiveCfg = Debug|Any CPU
		{AF1CB925-8767-4C3A-B748-016824CED102}.Debug|Any CPU.Build.0 = Debug|Any CPU
		{AF1CB925-8767-4C3A-B748-016824CED102}.Debug|x64.ActiveCfg = Debug|Any CPU
		{AF1CB925-8767-4C3A-B748-016824CED102}.Debug|x64.Build.0 = Debug|Any CPU
		{AF1CB925-8767-4C3A-B748-016824CED102}.Debug|x86.ActiveCfg = Debug|Any CPU
		{AF1CB925-8767-4C3A-B748-016824CED102}.Debug|x86.Build.0 = Debug|Any CPU
		{AF1CB925-8767-4C3A-B748-016824CED102}.Release|Any CPU.ActiveCfg = Release|Any CPU
		{AF1CB925-8767-4C3A-B748-016824CED102}.Release|Any CPU.Build.0 = Release|Any CPU
		{AF1CB925-8767-4C3A-B748-016824CED102}.Release|x64.ActiveCfg = Release|Any CPU
		{AF1CB925-8767-4C3A-B748-016824CED102}.Release|x64.Build.0 = Release|Any CPU
		{AF1CB925-8767-4C3A-B748-016824CED102}.Release|x86.ActiveCfg = Release|Any CPU
		{AF1CB925-8767-4C3A-B748-016824CED102}.Release|x86.Build.0 = Release|Any CPU
		{7BD58606-F825-426D-85B1-3EB2544747E5}.Debug|Any CPU.ActiveCfg = Debug|Any CPU
		{7BD58606-F825-426D-85B1-3EB2544747E5}.Debug|Any CPU.Build.0 = Debug|Any CPU
		{7BD58606-F825-426D-85B1-3EB2544747E5}.Debug|x64.ActiveCfg = Debug|Any CPU
		{7BD58606-F825-426D-85B1-3EB2544747E5}.Debug|x64.Build.0 = Debug|Any CPU
		{7BD58606-F825-426D-85B1-3EB2544747E5}.Debug|x86.ActiveCfg = Debug|Any CPU
		{7BD58606-F825-426D-85B1-3EB2544747E5}.Debug|x86.Build.0 = Debug|Any CPU
		{7BD58606-F825-426D-85B1-3EB2544747E5}.Release|Any CPU.ActiveCfg = Release|Any CPU
		{7BD58606-F825-426D-85B1-3EB2544747E5}.Release|Any CPU.Build.0 = Release|Any CPU
		{7BD58606-F825-426D-85B1-3EB2544747E5}.Release|x64.ActiveCfg = Release|Any CPU
		{7BD58606-F825-426D-85B1-3EB2544747E5}.Release|x64.Build.0 = Release|Any CPU
		{7BD58606-F825-426D-85B1-3EB2544747E5}.Release|x86.ActiveCfg = Release|Any CPU
		{7BD58606-F825-426D-85B1-3EB2544747E5}.Release|x86.Build.0 = Release|Any CPU
	EndGlobalSection
	GlobalSection(SolutionProperties) = preSolution
		HideSolutionNode = FALSE
	EndGlobalSection
	GlobalSection(ExtensibilityGlobals) = postSolution
		SolutionGuid = {5DDA298A-C225-42E6-BD37-AA7A07FB5DE7}
	EndGlobalSection
EndGlobal
